
Microsoft Visual Studio Solution File, Format Version 12.00
# Visual Studio Version 17
VisualStudioVersion = 17.8.34309.116
MinimumVisualStudioVersion = 10.0.40219.1
Project("{FAE04EC0-301F-11D3-BF4B-00C04F79EFBC}") = "SDK", "SDK.csproj", "{3B22A458-27E0-4BD1-94E4-B00DE8075CE6}"
EndProject
Global
	GlobalSection(SolutionConfigurationPlatforms) = preSolution
		Debug|Any CPU = Debug|Any CPU
		Debug|x64 = Debug|x64
		Release|Any CPU = Release|Any CPU
		Release|x64 = Release|x64
	EndGlobalSection
	GlobalSection(ProjectConfigurationPlatforms) = postSolution
		{3B22A458-27E0-4BD1-94E4-B00DE8075CE6}.Debug|Any CPU.ActiveCfg = Debug|Any CPU
		{3B22A458-27E0-4BD1-94E4-B00DE8075CE6}.Debug|Any CPU.Build.0 = Debug|Any CPU
		{3B22A458-27E0-4BD1-94E4-B00DE8075CE6}.Debug|x64.ActiveCfg = Debug|x64
		{3B22A458-27E0-4BD1-94E4-B00DE8075CE6}.Debug|x64.Build.0 = Debug|x64
		{3B22A458-27E0-4BD1-94E4-B00DE8075CE6}.Release|Any CPU.ActiveCfg = Release|Any CPU
		{3B22A458-27E0-4BD1-94E4-B00DE8075CE6}.Release|Any CPU.Build.0 = Release|Any CPU
		{3B22A458-27E0-4BD1-94E4-B00DE8075CE6}.Release|x64.ActiveCfg = Release|x64
		{3B22A458-27E0-4BD1-94E4-B00DE8075CE6}.Release|x64.Build.0 = Release|x64
	EndGlobalSection
	GlobalSection(SolutionProperties) = preSolution
		HideSolutionNode = FALSE
	EndGlobalSection
	GlobalSection(ExtensibilityGlobals) = postSolution
		SolutionGuid = {AA677103-B152-44E3-B101-61D0642EB4B0}
	EndGlobalSection
EndGlobal
